// !$*UTF8*$!
{
	archiveVersion = 1;
	classes = {
	};
	objectVersion = 60;
	objects = {

/* Begin PBXBuildFile section */
		B00000000000000000000001 /* ZenithCore.swift in Sources */ = {isa = PBXBuildFile; fileRef = F00000000000000000000001 /* ZenithCore.swift */; };
		B00000000000000000000002 /* ZenithDockIOSApp.swift in Sources */ = {isa = PBXBuildFile; fileRef = F00000000000000000000002 /* ZenithDockIOSApp.swift */; };
		B00000000000000000000003 /* MobileTheme.swift in Sources */ = {isa = PBXBuildFile; fileRef = F00000000000000000000003 /* MobileTheme.swift */; };
		B00000000000000000000004 /* MobileAppStore.swift in Sources */ = {isa = PBXBuildFile; fileRef = F00000000000000000000004 /* MobileAppStore.swift */; };
		B00000000000000000000005 /* MobileFormatting.swift in Sources */ = {isa = PBXBuildFile; fileRef = F00000000000000000000005 /* MobileFormatting.swift */; };
		B00000000000000000000006 /* MobileComposerView.swift in Sources */ = {isa = PBXBuildFile; fileRef = F00000000000000000000006 /* MobileComposerView.swift */; };
		B00000000000000000000007 /* MobileEventViews.swift in Sources */ = {isa = PBXBuildFile; fileRef = F00000000000000000000007 /* MobileEventViews.swift */; };
		B00000000000000000000008 /* MobileResumeView.swift in Sources */ = {isa = PBXBuildFile; fileRef = F00000000000000000000008 /* MobileResumeView.swift */; };
		B00000000000000000000009 /* MobileRootView.swift in Sources */ = {isa = PBXBuildFile; fileRef = F00000000000000000000009 /* MobileRootView.swift */; };
		B0000000000000000000000A /* MobileSidebarView.swift in Sources */ = {isa = PBXBuildFile; fileRef = F0000000000000000000000A /* MobileSidebarView.swift */; };
		B0000000000000000000000B /* MobileTimelineView.swift in Sources */ = {isa = PBXBuildFile; fileRef = F0000000000000000000000B /* MobileTimelineView.swift */; };
		B00000000000000000000023 /* MobileChatOptionsView.swift in Sources */ = {isa = PBXBuildFile; fileRef = F00000000000000000000021 /* MobileChatOptionsView.swift */; };
		B0000000000000000000000C /* Assets.xcassets in Resources */ = {isa = PBXBuildFile; fileRef = F0000000000000000000000C /* Assets.xcassets */; };
		B00000000000000000000022 /* Assets.xcassets in Resources */ = {isa = PBXBuildFile; fileRef = F0000000000000000000000C /* Assets.xcassets */; };
		B0000000000000000000000D /* ZenithCore.framework in Frameworks */ = {isa = PBXBuildFile; fileRef = P00000000000000000000002 /* ZenithCore.framework */; };
		B0000000000000000000000E /* ZenithCore.framework in Embed Frameworks */ = {isa = PBXBuildFile; fileRef = P00000000000000000000002 /* ZenithCore.framework */; settings = {ATTRIBUTES = (CodeSignOnCopy, RemoveHeadersOnCopy, ); }; };
		B00000000000000000000010 /* ZenithDockApp.swift in Sources */ = {isa = PBXBuildFile; fileRef = F00000000000000000000010 /* ZenithDockApp.swift */; };
		B00000000000000000000011 /* Theme.swift in Sources */ = {isa = PBXBuildFile; fileRef = F00000000000000000000011 /* Theme.swift */; };
		B00000000000000000000012 /* AppStore.swift in Sources */ = {isa = PBXBuildFile; fileRef = F00000000000000000000012 /* AppStore.swift */; };
		B00000000000000000000013 /* AppLogger.swift in Sources */ = {isa = PBXBuildFile; fileRef = F00000000000000000000013 /* AppLogger.swift */; };
		B00000000000000000000014 /* Formatting.swift in Sources */ = {isa = PBXBuildFile; fileRef = F00000000000000000000014 /* Formatting.swift */; };
		B00000000000000000000015 /* InlineVideoView.swift in Sources */ = {isa = PBXBuildFile; fileRef = F00000000000000000000015 /* InlineVideoView.swift */; };
		B00000000000000000000016 /* MarkdownView.swift in Sources */ = {isa = PBXBuildFile; fileRef = F00000000000000000000016 /* MarkdownView.swift */; };
		B00000000000000000000017 /* RunningAgentBanner.swift in Sources */ = {isa = PBXBuildFile; fileRef = F00000000000000000000017 /* RunningAgentBanner.swift */; };
		B00000000000000000000018 /* ComposerView.swift in Sources */ = {isa = PBXBuildFile; fileRef = F00000000000000000000018 /* ComposerView.swift */; };
		B00000000000000000000019 /* EmptyStateView.swift in Sources */ = {isa = PBXBuildFile; fileRef = F00000000000000000000019 /* EmptyStateView.swift */; };
		B0000000000000000000001A /* EventViews.swift in Sources */ = {isa = PBXBuildFile; fileRef = F0000000000000000000001A /* EventViews.swift */; };
		B00000000000000000000024 /* TraceChangeSetView.swift in Sources */ = {isa = PBXBuildFile; fileRef = F00000000000000000000022 /* TraceChangeSetView.swift */; };
		B0000000000000000000001B /* InspectorView.swift in Sources */ = {isa = PBXBuildFile; fileRef = F0000000000000000000001B /* InspectorView.swift */; };
		B0000000000000000000001C /* RootView.swift in Sources */ = {isa = PBXBuildFile; fileRef = F0000000000000000000001C /* RootView.swift */; };
		B0000000000000000000001D /* SessionManagementSheets.swift in Sources */ = {isa = PBXBuildFile; fileRef = F0000000000000000000001D /* SessionManagementSheets.swift */; };
		B0000000000000000000001E /* SidebarView.swift in Sources */ = {isa = PBXBuildFile; fileRef = F0000000000000000000001E /* SidebarView.swift */; };
		B0000000000000000000001F /* TimelineView.swift in Sources */ = {isa = PBXBuildFile; fileRef = F0000000000000000000001F /* TimelineView.swift */; };
		B00000000000000000000025 /* AppKitTimelineTable.swift in Sources */ = {isa = PBXBuildFile; fileRef = F00000000000000000000023 /* AppKitTimelineTable.swift */; };
		B10000000000000000000001 /* UnreadNotificationController.swift in Sources */ = {isa = PBXBuildFile; fileRef = F10000000000000000000001 /* UnreadNotificationController.swift */; };
		B10000000000000000000002 /* UnreadNotificationController.swift in Sources */ = {isa = PBXBuildFile; fileRef = F10000000000000000000002 /* UnreadNotificationController.swift */; };
		B10000000000000000000003 /* UnreadNotificationState.swift in Sources */ = {isa = PBXBuildFile; fileRef = F10000000000000000000003 /* UnreadNotificationState.swift */; };
		B00000000000000000000020 /* ZenithCore.framework in Frameworks */ = {isa = PBXBuildFile; fileRef = P00000000000000000000002 /* ZenithCore.framework */; };
		B00000000000000000000021 /* ZenithCore.framework in Embed Frameworks */ = {isa = PBXBuildFile; fileRef = P00000000000000000000002 /* ZenithCore.framework */; settings = {ATTRIBUTES = (CodeSignOnCopy, RemoveHeadersOnCopy, ); }; };
/* End PBXBuildFile section */

/* Begin PBXContainerItemProxy section */
		C00000000000000000000001 /* PBXContainerItemProxy */ = {
			isa = PBXContainerItemProxy;
			containerPortal = A00000000000000000000001 /* Project object */;
			proxyType = 1;
			remoteGlobalIDString = T00000000000000000000002;
			remoteInfo = ZenithCore;
		};
		C00000000000000000000002 /* PBXContainerItemProxy */ = {
			isa = PBXContainerItemProxy;
			containerPortal = A00000000000000000000001 /* Project object */;
			proxyType = 1;
			remoteGlobalIDString = T00000000000000000000002;
			remoteInfo = ZenithCore;
		};
/* End PBXContainerItemProxy section */

/* Begin PBXCopyFilesBuildPhase section */
		CP0000000000000000000001 /* Embed Frameworks */ = {
			isa = PBXCopyFilesBuildPhase;
			buildActionMask = 2147483647;
			dstPath = "";
			dstSubfolderSpec = 10;
			files = (
				B0000000000000000000000E /* ZenithCore.framework in Embed Frameworks */,
			);
			name = "Embed Frameworks";
			runOnlyForDeploymentPostprocessing = 0;
		};
		CP0000000000000000000002 /* Embed Frameworks */ = {
			isa = PBXCopyFilesBuildPhase;
			buildActionMask = 2147483647;
			dstPath = "";
			dstSubfolderSpec = 10;
			files = (
				B00000000000000000000021 /* ZenithCore.framework in Embed Frameworks */,
			);
			name = "Embed Frameworks";
			runOnlyForDeploymentPostprocessing = 0;
		};
/* End PBXCopyFilesBuildPhase section */

/* Begin PBXFileReference section */
		F00000000000000000000001 /* ZenithCore.swift */ = {isa = PBXFileReference; lastKnownFileType = sourcecode.swift; path = ZenithCore.swift; sourceTree = "<group>"; };
		F00000000000000000000002 /* ZenithDockIOSApp.swift */ = {isa = PBXFileReference; lastKnownFileType = sourcecode.swift; path = ZenithDockIOSApp.swift; sourceTree = "<group>"; };
		F00000000000000000000003 /* MobileTheme.swift */ = {isa = PBXFileReference; lastKnownFileType = sourcecode.swift; path = MobileTheme.swift; sourceTree = "<group>"; };
		F00000000000000000000004 /* MobileAppStore.swift */ = {isa = PBXFileReference; lastKnownFileType = sourcecode.swift; path = MobileAppStore.swift; sourceTree = "<group>"; };
		F00000000000000000000005 /* MobileFormatting.swift */ = {isa = PBXFileReference; lastKnownFileType = sourcecode.swift; path = MobileFormatting.swift; sourceTree = "<group>"; };
		F00000000000000000000006 /* MobileComposerView.swift */ = {isa = PBXFileReference; lastKnownFileType = sourcecode.swift; path = MobileComposerView.swift; sourceTree = "<group>"; };
		F00000000000000000000007 /* MobileEventViews.swift */ = {isa = PBXFileReference; lastKnownFileType = sourcecode.swift; path = MobileEventViews.swift; sourceTree = "<group>"; };
		F00000000000000000000008 /* MobileResumeView.swift */ = {isa = PBXFileReference; lastKnownFileType = sourcecode.swift; path = MobileResumeView.swift; sourceTree = "<group>"; };
		F00000000000000000000009 /* MobileRootView.swift */ = {isa = PBXFileReference; lastKnownFileType = sourcecode.swift; path = MobileRootView.swift; sourceTree = "<group>"; };
		F0000000000000000000000A /* MobileSidebarView.swift */ = {isa = PBXFileReference; lastKnownFileType = sourcecode.swift; path = MobileSidebarView.swift; sourceTree = "<group>"; };
		F0000000000000000000000B /* MobileTimelineView.swift */ = {isa = PBXFileReference; lastKnownFileType = sourcecode.swift; path = MobileTimelineView.swift; sourceTree = "<group>"; };
		F00000000000000000000021 /* MobileChatOptionsView.swift */ = {isa = PBXFileReference; lastKnownFileType = sourcecode.swift; path = MobileChatOptionsView.swift; sourceTree = "<group>"; };
		F0000000000000000000000C /* Assets.xcassets */ = {isa = PBXFileReference; lastKnownFileType = folder.assetcatalog; path = Assets.xcassets; sourceTree = "<group>"; };
		F0000000000000000000000D /* Info.plist */ = {isa = PBXFileReference; lastKnownFileType = text.plist.xml; path = Info.plist; sourceTree = "<group>"; };
		F0000000000000000000000E /* ZenithDockIOS.entitlements */ = {isa = PBXFileReference; lastKnownFileType = text.plist.entitlements; path = ZenithDockIOS.entitlements; sourceTree = "<group>"; };
		F00000000000000000000010 /* ZenithDockApp.swift */ = {isa = PBXFileReference; lastKnownFileType = sourcecode.swift; path = ZenithDockApp.swift; sourceTree = "<group>"; };
		F00000000000000000000011 /* Theme.swift */ = {isa = PBXFileReference; lastKnownFileType = sourcecode.swift; path = Theme.swift; sourceTree = "<group>"; };
		F00000000000000000000012 /* AppStore.swift */ = {isa = PBXFileReference; lastKnownFileType = sourcecode.swift; path = AppStore.swift; sourceTree = "<group>"; };
		F00000000000000000000013 /* AppLogger.swift */ = {isa = PBXFileReference; lastKnownFileType = sourcecode.swift; path = AppLogger.swift; sourceTree = "<group>"; };
		F00000000000000000000014 /* Formatting.swift */ = {isa = PBXFileReference; lastKnownFileType = sourcecode.swift; path = Formatting.swift; sourceTree = "<group>"; };
		F00000000000000000000015 /* InlineVideoView.swift */ = {isa = PBXFileReference; lastKnownFileType = sourcecode.swift; path = InlineVideoView.swift; sourceTree = "<group>"; };
		F00000000000000000000016 /* MarkdownView.swift */ = {isa = PBXFileReference; lastKnownFileType = sourcecode.swift; path = MarkdownView.swift; sourceTree = "<group>"; };
		F00000000000000000000017 /* RunningAgentBanner.swift */ = {isa = PBXFileReference; lastKnownFileType = sourcecode.swift; path = RunningAgentBanner.swift; sourceTree = "<group>"; };
		F00000000000000000000018 /* ComposerView.swift */ = {isa = PBXFileReference; lastKnownFileType = sourcecode.swift; path = ComposerView.swift; sourceTree = "<group>"; };
		F00000000000000000000019 /* EmptyStateView.swift */ = {isa = PBXFileReference; lastKnownFileType = sourcecode.swift; path = EmptyStateView.swift; sourceTree = "<group>"; };
		F0000000000000000000001A /* EventViews.swift */ = {isa = PBXFileReference; lastKnownFileType = sourcecode.swift; path = EventViews.swift; sourceTree = "<group>"; };
		F00000000000000000000022 /* TraceChangeSetView.swift */ = {isa = PBXFileReference; lastKnownFileType = sourcecode.swift; path = TraceChangeSetView.swift; sourceTree = "<group>"; };
		F0000000000000000000001B /* InspectorView.swift */ = {isa = PBXFileReference; lastKnownFileType = sourcecode.swift; path = InspectorView.swift; sourceTree = "<group>"; };
		F0000000000000000000001C /* RootView.swift */ = {isa = PBXFileReference; lastKnownFileType = sourcecode.swift; path = RootView.swift; sourceTree = "<group>"; };
		F0000000000000000000001D /* SessionManagementSheets.swift */ = {isa = PBXFileReference; lastKnownFileType = sourcecode.swift; path = SessionManagementSheets.swift; sourceTree = "<group>"; };
		F0000000000000000000001E /* SidebarView.swift */ = {isa = PBXFileReference; lastKnownFileType = sourcecode.swift; path = SidebarView.swift; sourceTree = "<group>"; };
		F0000000000000000000001F /* TimelineView.swift */ = {isa = PBXFileReference; lastKnownFileType = sourcecode.swift; path = TimelineView.swift; sourceTree = "<group>"; };
		F00000000000000000000023 /* AppKitTimelineTable.swift */ = {isa = PBXFileReference; lastKnownFileType = sourcecode.swift; path = AppKitTimelineTable.swift; sourceTree = "<group>"; };
		F10000000000000000000001 /* UnreadNotificationController.swift */ = {isa = PBXFileReference; lastKnownFileType = sourcecode.swift; path = UnreadNotificationController.swift; sourceTree = "<group>"; };
		F10000000000000000000002 /* UnreadNotificationController.swift */ = {isa = PBXFileReference; lastKnownFileType = sourcecode.swift; path = UnreadNotificationController.swift; sourceTree = "<group>"; };
		F10000000000000000000003 /* UnreadNotificationState.swift */ = {isa = PBXFileReference; lastKnownFileType = sourcecode.swift; path = UnreadNotificationState.swift; sourceTree = "<group>"; };
		F00000000000000000000020 /* ZenithDockMac.entitlements */ = {isa = PBXFileReference; lastKnownFileType = text.plist.entitlements; path = ZenithDockMac.entitlements; sourceTree = "<group>"; };
		P00000000000000000000001 /* AgentsDock.app */ = {isa = PBXFileReference; explicitFileType = wrapper.application; includeInIndex = 0; path = AgentsDock.app; sourceTree = BUILT_PRODUCTS_DIR; };
		P00000000000000000000002 /* ZenithCore.framework */ = {isa = PBXFileReference; explicitFileType = wrapper.framework; includeInIndex = 0; path = ZenithCore.framework; sourceTree = BUILT_PRODUCTS_DIR; };
		P00000000000000000000003 /* AgentsDock.app */ = {isa = PBXFileReference; explicitFileType = wrapper.application; includeInIndex = 0; path = AgentsDock.app; sourceTree = BUILT_PRODUCTS_DIR; };
/* End PBXFileReference section */

/* Begin PBXFrameworksBuildPhase section */
		FR0000000000000000000001 /* Frameworks */ = {
			isa = PBXFrameworksBuildPhase;
			buildActionMask = 2147483647;
			files = (
				B0000000000000000000000D /* ZenithCore.framework in Frameworks */,
			);
			runOnlyForDeploymentPostprocessing = 0;
		};
		FR0000000000000000000002 /* Frameworks */ = {
			isa = PBXFrameworksBuildPhase;
			buildActionMask = 2147483647;
			files = (
			);
			runOnlyForDeploymentPostprocessing = 0;
		};
		FR0000000000000000000003 /* Frameworks */ = {
			isa = PBXFrameworksBuildPhase;
			buildActionMask = 2147483647;
			files = (
				B00000000000000000000020 /* ZenithCore.framework in Frameworks */,
			);
			runOnlyForDeploymentPostprocessing = 0;
		};
/* End PBXFrameworksBuildPhase section */

/* Begin PBXGroup section */
		G00000000000000000000000 = {
			isa = PBXGroup;
			children = (
				G00000000000000000000001 /* Apps */,
				G00000000000000000000002 /* Sources */,
				G00000000000000000000003 /* Products */,
			);
			sourceTree = "<group>";
		};
		G00000000000000000000001 /* Apps */ = {
			isa = PBXGroup;
			children = (
				G00000000000000000000004 /* ZenithDockIOS */,
				G0000000000000000000000D /* ZenithDockMac */,
			);
			path = Apps;
			sourceTree = "<group>";
		};
		G00000000000000000000002 /* Sources */ = {
			isa = PBXGroup;
			children = (
				G00000000000000000000005 /* ZenithCore */,
				G0000000000000000000000E /* ZenithDock */,
				G00000000000000000000006 /* ZenithDockIOS */,
			);
			path = Sources;
			sourceTree = "<group>";
		};
		G00000000000000000000003 /* Products */ = {
			isa = PBXGroup;
			children = (
				P00000000000000000000001 /* AgentsDock.app */,
				P00000000000000000000002 /* ZenithCore.framework */,
				P00000000000000000000003 /* AgentsDock.app */,
			);
			name = Products;
			sourceTree = "<group>";
		};
		G00000000000000000000004 /* ZenithDockIOS */ = {
			isa = PBXGroup;
			children = (
				F0000000000000000000000D /* Info.plist */,
				F0000000000000000000000E /* ZenithDockIOS.entitlements */,
			);
			path = ZenithDockIOS;
			sourceTree = "<group>";
		};
		G0000000000000000000000D /* ZenithDockMac */ = {
			isa = PBXGroup;
			children = (
				F00000000000000000000020 /* ZenithDockMac.entitlements */,
			);
			path = ZenithDockMac;
			sourceTree = "<group>";
		};
		G00000000000000000000005 /* ZenithCore */ = {
			isa = PBXGroup;
			children = (
				F00000000000000000000001 /* ZenithCore.swift */,
				F10000000000000000000003 /* UnreadNotificationState.swift */,
			);
			path = ZenithCore;
			sourceTree = "<group>";
		};
		G00000000000000000000006 /* ZenithDockIOS */ = {
			isa = PBXGroup;
			children = (
				G00000000000000000000007 /* App */,
				G00000000000000000000008 /* Design */,
				G00000000000000000000009 /* State */,
				G0000000000000000000000A /* Support */,
				G0000000000000000000000B /* Views */,
				G0000000000000000000000C /* Resources */,
			);
			path = ZenithDockIOS;
			sourceTree = "<group>";
		};
		G00000000000000000000007 /* App */ = {
			isa = PBXGroup;
			children = (
				F00000000000000000000002 /* ZenithDockIOSApp.swift */,
			);
			path = App;
			sourceTree = "<group>";
		};
		G00000000000000000000008 /* Design */ = {
			isa = PBXGroup;
			children = (
				F00000000000000000000003 /* MobileTheme.swift */,
			);
			path = Design;
			sourceTree = "<group>";
		};
		G00000000000000000000009 /* State */ = {
			isa = PBXGroup;
			children = (
				F00000000000000000000004 /* MobileAppStore.swift */,
			);
			path = State;
			sourceTree = "<group>";
		};
		G0000000000000000000000A /* Support */ = {
			isa = PBXGroup;
			children = (
				F00000000000000000000005 /* MobileFormatting.swift */,
				F10000000000000000000002 /* UnreadNotificationController.swift */,
			);
			path = Support;
			sourceTree = "<group>";
		};
		G0000000000000000000000B /* Views */ = {
			isa = PBXGroup;
			children = (
				F00000000000000000000006 /* MobileComposerView.swift */,
				F00000000000000000000007 /* MobileEventViews.swift */,
				F00000000000000000000008 /* MobileResumeView.swift */,
				F00000000000000000000009 /* MobileRootView.swift */,
				F0000000000000000000000A /* MobileSidebarView.swift */,
				F0000000000000000000000B /* MobileTimelineView.swift */,
				F00000000000000000000021 /* MobileChatOptionsView.swift */,
			);
			path = Views;
			sourceTree = "<group>";
		};
		G0000000000000000000000C /* Resources */ = {
			isa = PBXGroup;
			children = (
				F0000000000000000000000C /* Assets.xcassets */,
			);
			path = Resources;
			sourceTree = "<group>";
		};
		G0000000000000000000000E /* ZenithDock */ = {
			isa = PBXGroup;
			children = (
				F00000000000000000000010 /* ZenithDockApp.swift */,
				G0000000000000000000000F /* Design */,
				G00000000000000000000010 /* State */,
				G00000000000000000000011 /* Support */,
				G00000000000000000000012 /* Views */,
			);
			path = ZenithDock;
			sourceTree = "<group>";
		};
		G0000000000000000000000F /* Design */ = {
			isa = PBXGroup;
			children = (
				F00000000000000000000011 /* Theme.swift */,
			);
			path = Design;
			sourceTree = "<group>";
		};
		G00000000000000000000010 /* State */ = {
			isa = PBXGroup;
			children = (
				F00000000000000000000012 /* AppStore.swift */,
			);
			path = State;
			sourceTree = "<group>";
		};
		G00000000000000000000011 /* Support */ = {
			isa = PBXGroup;
			children = (
				F00000000000000000000013 /* AppLogger.swift */,
				F00000000000000000000014 /* Formatting.swift */,
				F10000000000000000000001 /* UnreadNotificationController.swift */,
			);
			path = Support;
			sourceTree = "<group>";
		};
		G00000000000000000000012 /* Views */ = {
			isa = PBXGroup;
			children = (
				G00000000000000000000013 /* Components */,
				F00000000000000000000018 /* ComposerView.swift */,
				F00000000000000000000019 /* EmptyStateView.swift */,
				F0000000000000000000001A /* EventViews.swift */,
				F00000000000000000000022 /* TraceChangeSetView.swift */,
				F0000000000000000000001B /* InspectorView.swift */,
				F0000000000000000000001C /* RootView.swift */,
				F0000000000000000000001D /* SessionManagementSheets.swift */,
				F0000000000000000000001E /* SidebarView.swift */,
				F00000000000000000000023 /* AppKitTimelineTable.swift */,
				F0000000000000000000001F /* TimelineView.swift */,
			);
			path = Views;
			sourceTree = "<group>";
		};
		G00000000000000000000013 /* Components */ = {
			isa = PBXGroup;
			children = (
				F00000000000000000000015 /* InlineVideoView.swift */,
				F00000000000000000000016 /* MarkdownView.swift */,
				F00000000000000000000017 /* RunningAgentBanner.swift */,
			);
			path = Components;
			sourceTree = "<group>";
		};
/* End PBXGroup section */

/* Begin PBXNativeTarget section */
		T00000000000000000000001 /* ZenithDockIOS */ = {
			isa = PBXNativeTarget;
			buildConfigurationList = XC0000000000000000000003 /* Build configuration list for PBXNativeTarget "ZenithDockIOS" */;
			buildPhases = (
				SR0000000000000000000001 /* Sources */,
				FR0000000000000000000001 /* Frameworks */,
				RS0000000000000000000001 /* Resources */,
				CP0000000000000000000001 /* Embed Frameworks */,
			);
			buildRules = (
			);
			dependencies = (
				D00000000000000000000001 /* PBXTargetDependency */,
			);
			name = ZenithDockIOS;
			productName = ZenithDock;
			productReference = P00000000000000000000001 /* AgentsDock.app */;
			productType = "com.apple.product-type.application";
		};
		T00000000000000000000002 /* ZenithCore */ = {
			isa = PBXNativeTarget;
			buildConfigurationList = XC0000000000000000000004 /* Build configuration list for PBXNativeTarget "ZenithCore" */;
			buildPhases = (
				SR0000000000000000000002 /* Sources */,
				FR0000000000000000000002 /* Frameworks */,
			);
			buildRules = (
			);
			dependencies = (
			);
			name = ZenithCore;
			productName = ZenithCore;
			productReference = P00000000000000000000002 /* ZenithCore.framework */;
			productType = "com.apple.product-type.framework";
		};
		T00000000000000000000003 /* ZenithDockMac */ = {
			isa = PBXNativeTarget;
			buildConfigurationList = XC0000000000000000000005 /* Build configuration list for PBXNativeTarget "ZenithDockMac" */;
			buildPhases = (
				SR0000000000000000000003 /* Sources */,
				FR0000000000000000000003 /* Frameworks */,
				RS0000000000000000000002 /* Resources */,
				CP0000000000000000000002 /* Embed Frameworks */,
			);
			buildRules = (
			);
			dependencies = (
				D00000000000000000000002 /* PBXTargetDependency */,
			);
			name = ZenithDockMac;
			productName = ZenithDock;
			productReference = P00000000000000000000003 /* AgentsDock.app */;
			productType = "com.apple.product-type.application";
		};
/* End PBXNativeTarget section */

/* Begin PBXProject section */
		A00000000000000000000001 /* Project object */ = {
			isa = PBXProject;
			attributes = {
				BuildIndependentTargetsInParallel = 1;
				LastSwiftUpdateCheck = 1600;
				LastUpgradeCheck = 1600;
				TargetAttributes = {
					T00000000000000000000001 = {
						CreatedOnToolsVersion = 16.0;
					};
					T00000000000000000000002 = {
						CreatedOnToolsVersion = 16.0;
					};
					T00000000000000000000003 = {
						CreatedOnToolsVersion = 16.0;
					};
				};
			};
			buildConfigurationList = XC0000000000000000000001 /* Build configuration list for PBXProject "ZenithDock" */;
			compatibilityVersion = "Xcode 15.0";
			developmentRegion = en;
			hasScannedForEncodings = 0;
			knownRegions = (
				en,
				Base,
			);
			mainGroup = G00000000000000000000000;
			productRefGroup = G00000000000000000000003 /* Products */;
			projectDirPath = "";
			projectRoot = "";
			targets = (
				T00000000000000000000001 /* ZenithDockIOS */,
				T00000000000000000000002 /* ZenithCore */,
				T00000000000000000000003 /* ZenithDockMac */,
			);
		};
/* End PBXProject section */

/* Begin PBXResourcesBuildPhase section */
		RS0000000000000000000001 /* Resources */ = {
			isa = PBXResourcesBuildPhase;
			buildActionMask = 2147483647;
			files = (
				B0000000000000000000000C /* Assets.xcassets in Resources */,
			);
			runOnlyForDeploymentPostprocessing = 0;
		};
		RS0000000000000000000002 /* Resources */ = {
			isa = PBXResourcesBuildPhase;
			buildActionMask = 2147483647;
			files = (
				B00000000000000000000022 /* Assets.xcassets in Resources */,
			);
			runOnlyForDeploymentPostprocessing = 0;
		};
/* End PBXResourcesBuildPhase section */

/* Begin PBXSourcesBuildPhase section */
		SR0000000000000000000001 /* Sources */ = {
			isa = PBXSourcesBuildPhase;
			buildActionMask = 2147483647;
			files = (
				B00000000000000000000002 /* ZenithDockIOSApp.swift in Sources */,
				B00000000000000000000003 /* MobileTheme.swift in Sources */,
				B00000000000000000000004 /* MobileAppStore.swift in Sources */,
				B00000000000000000000005 /* MobileFormatting.swift in Sources */,
				B00000000000000000000006 /* MobileComposerView.swift in Sources */,
				B00000000000000000000007 /* MobileEventViews.swift in Sources */,
				B00000000000000000000008 /* MobileResumeView.swift in Sources */,
				B00000000000000000000009 /* MobileRootView.swift in Sources */,
				B0000000000000000000000A /* MobileSidebarView.swift in Sources */,
				B0000000000000000000000B /* MobileTimelineView.swift in Sources */,
				B00000000000000000000023 /* MobileChatOptionsView.swift in Sources */,
				B10000000000000000000002 /* UnreadNotificationController.swift in Sources */,
			);
			runOnlyForDeploymentPostprocessing = 0;
		};
		SR0000000000000000000002 /* Sources */ = {
			isa = PBXSourcesBuildPhase;
			buildActionMask = 2147483647;
			files = (
				B00000000000000000000001 /* ZenithCore.swift in Sources */,
				B10000000000000000000003 /* UnreadNotificationState.swift in Sources */,
			);
			runOnlyForDeploymentPostprocessing = 0;
		};
		SR0000000000000000000003 /* Sources */ = {
			isa = PBXSourcesBuildPhase;
			buildActionMask = 2147483647;
			files = (
				B00000000000000000000010 /* ZenithDockApp.swift in Sources */,
				B00000000000000000000011 /* Theme.swift in Sources */,
				B00000000000000000000012 /* AppStore.swift in Sources */,
				B00000000000000000000013 /* AppLogger.swift in Sources */,
				B00000000000000000000014 /* Formatting.swift in Sources */,
				B00000000000000000000015 /* InlineVideoView.swift in Sources */,
				B00000000000000000000016 /* MarkdownView.swift in Sources */,
				B00000000000000000000017 /* RunningAgentBanner.swift in Sources */,
				B00000000000000000000018 /* ComposerView.swift in Sources */,
				B00000000000000000000019 /* EmptyStateView.swift in Sources */,
				B0000000000000000000001A /* EventViews.swift in Sources */,
				B00000000000000000000024 /* TraceChangeSetView.swift in Sources */,
				B0000000000000000000001B /* InspectorView.swift in Sources */,
				B0000000000000000000001C /* RootView.swift in Sources */,
				B0000000000000000000001D /* SessionManagementSheets.swift in Sources */,
				B0000000000000000000001E /* SidebarView.swift in Sources */,
				B00000000000000000000025 /* AppKitTimelineTable.swift in Sources */,
				B0000000000000000000001F /* TimelineView.swift in Sources */,
				B10000000000000000000001 /* UnreadNotificationController.swift in Sources */,
			);
			runOnlyForDeploymentPostprocessing = 0;
		};
/* End PBXSourcesBuildPhase section */

/* Begin PBXTargetDependency section */
		D00000000000000000000001 /* PBXTargetDependency */ = {
			isa = PBXTargetDependency;
			target = T00000000000000000000002 /* ZenithCore */;
			targetProxy = C00000000000000000000001 /* PBXContainerItemProxy */;
		};
		D00000000000000000000002 /* PBXTargetDependency */ = {
			isa = PBXTargetDependency;
			target = T00000000000000000000002 /* ZenithCore */;
			targetProxy = C00000000000000000000002 /* PBXContainerItemProxy */;
		};
/* End PBXTargetDependency section */

/* Begin XCBuildConfiguration section */
		XC0000000000000000000011 /* Debug */ = {
			isa = XCBuildConfiguration;
			buildSettings = {
				ALWAYS_SEARCH_USER_PATHS = NO;
				CLANG_ANALYZER_NONNULL = YES;
				CLANG_ANALYZER_NUMBER_OBJECT_CONVERSION = YES_AGGRESSIVE;
				CLANG_CXX_LANGUAGE_STANDARD = "gnu++20";
				CLANG_ENABLE_MODULES = YES;
				CLANG_ENABLE_OBJC_ARC = YES;
				CLANG_WARN_BLOCK_CAPTURE_AUTORELEASING = YES;
				CLANG_WARN_BOOL_CONVERSION = YES;
				CLANG_WARN_COMMA = YES;
				CLANG_WARN_CONSTANT_CONVERSION = YES;
				CLANG_WARN_DEPRECATED_OBJC_IMPLEMENTATIONS = YES;
				CLANG_WARN_DIRECT_OBJC_ISA_USAGE = YES_ERROR;
				CLANG_WARN_DOCUMENTATION_COMMENTS = YES;
				CLANG_WARN_EMPTY_BODY = YES;
				CLANG_WARN_ENUM_CONVERSION = YES;
				CLANG_WARN_INFINITE_RECURSION = YES;
				CLANG_WARN_INT_CONVERSION = YES;
				CLANG_WARN_NON_LITERAL_NULL_CONVERSION = YES;
				CLANG_WARN_OBJC_IMPLICIT_RETAIN_SELF = YES;
				CLANG_WARN_OBJC_LITERAL_CONVERSION = YES;
				CLANG_WARN_OBJC_ROOT_CLASS = YES_ERROR;
				CLANG_WARN_QUOTED_INCLUDE_IN_FRAMEWORK_HEADER = YES;
				CLANG_WARN_RANGE_LOOP_ANALYSIS = YES;
				CLANG_WARN_STRICT_PROTOTYPES = YES;
				CLANG_WARN_SUSPICIOUS_MOVE = YES;
				CLANG_WARN_UNGUARDED_AVAILABILITY = YES_AGGRESSIVE;
				CLANG_WARN_UNREACHABLE_CODE = YES;
				COPY_PHASE_STRIP = NO;
				DEBUG_INFORMATION_FORMAT = dwarf;
				ENABLE_STRICT_OBJC_MSGSEND = YES;
				ENABLE_TESTABILITY = YES;
				GCC_C_LANGUAGE_STANDARD = gnu17;
				GCC_DYNAMIC_NO_PIC = NO;
				GCC_NO_COMMON_BLOCKS = YES;
				GCC_OPTIMIZATION_LEVEL = 0;
				GCC_PREPROCESSOR_DEFINITIONS = (
					"DEBUG=1",
					"$(inherited)",
				);
				IPHONEOS_DEPLOYMENT_TARGET = 17.0;
				MTL_ENABLE_DEBUG_INFO = INCLUDE_SOURCE;
				MTL_FAST_MATH = YES;
				ONLY_ACTIVE_ARCH = YES;
				SWIFT_ACTIVE_COMPILATION_CONDITIONS = DEBUG;
				SWIFT_OPTIMIZATION_LEVEL = "-Onone";
			};
			name = Debug;
		};
		XC0000000000000000000012 /* Release */ = {
			isa = XCBuildConfiguration;
			buildSettings = {
				ALWAYS_SEARCH_USER_PATHS = NO;
				CLANG_ANALYZER_NONNULL = YES;
				CLANG_ANALYZER_NUMBER_OBJECT_CONVERSION = YES_AGGRESSIVE;
				CLANG_CXX_LANGUAGE_STANDARD = "gnu++20";
				CLANG_ENABLE_MODULES = YES;
				CLANG_ENABLE_OBJC_ARC = YES;
				CLANG_WARN_BLOCK_CAPTURE_AUTORELEASING = YES;
				CLANG_WARN_BOOL_CONVERSION = YES;
				CLANG_WARN_COMMA = YES;
				CLANG_WARN_CONSTANT_CONVERSION = YES;
				CLANG_WARN_DEPRECATED_OBJC_IMPLEMENTATIONS = YES;
				CLANG_WARN_DIRECT_OBJC_ISA_USAGE = YES_ERROR;
				CLANG_WARN_DOCUMENTATION_COMMENTS = YES;
				CLANG_WARN_EMPTY_BODY = YES;
				CLANG_WARN_ENUM_CONVERSION = YES;
				CLANG_WARN_INFINITE_RECURSION = YES;
				CLANG_WARN_INT_CONVERSION = YES;
				CLANG_WARN_NON_LITERAL_NULL_CONVERSION = YES;
				CLANG_WARN_OBJC_IMPLICIT_RETAIN_SELF = YES;
				CLANG_WARN_OBJC_LITERAL_CONVERSION = YES;
				CLANG_WARN_OBJC_ROOT_CLASS = YES_ERROR;
				CLANG_WARN_QUOTED_INCLUDE_IN_FRAMEWORK_HEADER = YES;
				CLANG_WARN_RANGE_LOOP_ANALYSIS = YES;
				CLANG_WARN_STRICT_PROTOTYPES = YES;
				CLANG_WARN_SUSPICIOUS_MOVE = YES;
				CLANG_WARN_UNGUARDED_AVAILABILITY = YES_AGGRESSIVE;
				CLANG_WARN_UNREACHABLE_CODE = YES;
				COPY_PHASE_STRIP = NO;
				DEBUG_INFORMATION_FORMAT = "dwarf-with-dsym";
				ENABLE_NS_ASSERTIONS = NO;
				ENABLE_STRICT_OBJC_MSGSEND = YES;
				GCC_C_LANGUAGE_STANDARD = gnu17;
				GCC_NO_COMMON_BLOCKS = YES;
				IPHONEOS_DEPLOYMENT_TARGET = 17.0;
				MTL_ENABLE_DEBUG_INFO = NO;
				MTL_FAST_MATH = YES;
				SWIFT_COMPILATION_MODE = wholemodule;
				SWIFT_OPTIMIZATION_LEVEL = "-O";
				VALIDATE_PRODUCT = YES;
			};
			name = Release;
		};
		XC0000000000000000000021 /* Debug */ = {
			isa = XCBuildConfiguration;
			buildSettings = {
				ASSETCATALOG_COMPILER_APPICON_NAME = AppIcon;
				CODE_SIGN_ENTITLEMENTS = Apps/ZenithDockIOS/ZenithDockIOS.entitlements;
				CODE_SIGN_STYLE = Automatic;
				CURRENT_PROJECT_VERSION = 58;
				DEVELOPMENT_ASSET_PATHS = "";
				DEVELOPMENT_TEAM = KRR35MWWHD;
				GENERATE_INFOPLIST_FILE = NO;
				INFOPLIST_FILE = Apps/ZenithDockIOS/Info.plist;
				IPHONEOS_DEPLOYMENT_TARGET = 17.0;
				LD_RUNPATH_SEARCH_PATHS = (
					"$(inherited)",
					"@executable_path/Frameworks",
				);
				MARKETING_VERSION = 0.1.1;
				PRODUCT_BUNDLE_IDENTIFIER = com.zhengyiluo.ZenithDock;
				PRODUCT_NAME = AgentsDock;
				SUPPORTED_PLATFORMS = "iphoneos iphonesimulator";
				SUPPORTS_MACCATALYST = NO;
				SUPPORTS_XR_DESIGNED_FOR_IPHONE_IPAD = NO;
				SWIFT_VERSION = 6.0;
				TARGETED_DEVICE_FAMILY = "1,2";
			};
			name = Debug;
		};
		XC0000000000000000000022 /* Release */ = {
			isa = XCBuildConfiguration;
			buildSettings = {
				ASSETCATALOG_COMPILER_APPICON_NAME = AppIcon;
				CODE_SIGN_ENTITLEMENTS = Apps/ZenithDockIOS/ZenithDockIOS.entitlements;
				CODE_SIGN_STYLE = Automatic;
				CURRENT_PROJECT_VERSION = 58;
				DEVELOPMENT_ASSET_PATHS = "";
				DEVELOPMENT_TEAM = KRR35MWWHD;
				GENERATE_INFOPLIST_FILE = NO;
				INFOPLIST_FILE = Apps/ZenithDockIOS/Info.plist;
				IPHONEOS_DEPLOYMENT_TARGET = 17.0;
				LD_RUNPATH_SEARCH_PATHS = (
					"$(inherited)",
					"@executable_path/Frameworks",
				);
				MARKETING_VERSION = 0.1.1;
				PRODUCT_BUNDLE_IDENTIFIER = com.zhengyiluo.ZenithDock;
				PRODUCT_NAME = AgentsDock;
				SUPPORTED_PLATFORMS = "iphoneos iphonesimulator";
				SUPPORTS_MACCATALYST = NO;
				SUPPORTS_XR_DESIGNED_FOR_IPHONE_IPAD = NO;
				SWIFT_VERSION = 6.0;
				TARGETED_DEVICE_FAMILY = "1,2";
				VALIDATE_PRODUCT = YES;
			};
			name = Release;
		};
		XC0000000000000000000031 /* Debug */ = {
			isa = XCBuildConfiguration;
			buildSettings = {
				CURRENT_PROJECT_VERSION = 58;
				DEFINES_MODULE = YES;
				DYLIB_INSTALL_NAME_BASE = "@rpath";
				GENERATE_INFOPLIST_FILE = YES;
				IPHONEOS_DEPLOYMENT_TARGET = 17.0;
				MACOSX_DEPLOYMENT_TARGET = 14.0;
				MARKETING_VERSION = 0.1.1;
				PRODUCT_BUNDLE_IDENTIFIER = com.zhengyiluo.ZenithCore;
				PRODUCT_NAME = "$(TARGET_NAME)";
				SKIP_INSTALL = YES;
				SUPPORTED_PLATFORMS = "iphoneos iphonesimulator macosx";
				SWIFT_VERSION = 6.0;
				TARGETED_DEVICE_FAMILY = "1,2";
			};
			name = Debug;
		};
		XC0000000000000000000032 /* Release */ = {
			isa = XCBuildConfiguration;
			buildSettings = {
				CURRENT_PROJECT_VERSION = 58;
				DEFINES_MODULE = YES;
				DYLIB_INSTALL_NAME_BASE = "@rpath";
				GENERATE_INFOPLIST_FILE = YES;
				IPHONEOS_DEPLOYMENT_TARGET = 17.0;
				MACOSX_DEPLOYMENT_TARGET = 14.0;
				MARKETING_VERSION = 0.1.1;
				PRODUCT_BUNDLE_IDENTIFIER = com.zhengyiluo.ZenithCore;
				PRODUCT_NAME = "$(TARGET_NAME)";
				SKIP_INSTALL = YES;
				SUPPORTED_PLATFORMS = "iphoneos iphonesimulator macosx";
				SWIFT_VERSION = 6.0;
				TARGETED_DEVICE_FAMILY = "1,2";
			};
			name = Release;
		};
		XC0000000000000000000041 /* Debug */ = {
			isa = XCBuildConfiguration;
			buildSettings = {
				ASSETCATALOG_COMPILER_APPICON_NAME = AppIcon;
				CODE_SIGN_ENTITLEMENTS = Apps/ZenithDockMac/ZenithDockMac.entitlements;
				CODE_SIGN_STYLE = Automatic;
				CURRENT_PROJECT_VERSION = 58;
				DEVELOPMENT_TEAM = KRR35MWWHD;
				ENABLE_HARDENED_RUNTIME = YES;
				GENERATE_INFOPLIST_FILE = NO;
				INFOPLIST_FILE = Apps/ZenithDockMac/Info.plist;
				LD_RUNPATH_SEARCH_PATHS = (
					"$(inherited)",
					"@executable_path/../Frameworks",
				);
				MACOSX_DEPLOYMENT_TARGET = 14.0;
				MARKETING_VERSION = 0.1.1;
				PRODUCT_BUNDLE_IDENTIFIER = com.zhengyiluo.ZenithDock;
				PRODUCT_NAME = AgentsDock;
				SDKROOT = macosx;
				SUPPORTED_PLATFORMS = macosx;
				SWIFT_ACTIVE_COMPILATION_CONDITIONS = "$(inherited) AGENTSDOCK_APPKIT_TIMELINE";
				SWIFT_VERSION = 6.0;
			};
			name = Debug;
		};
		XC0000000000000000000042 /* Release */ = {
			isa = XCBuildConfiguration;
			buildSettings = {
				ASSETCATALOG_COMPILER_APPICON_NAME = AppIcon;
				CODE_SIGN_ENTITLEMENTS = Apps/ZenithDockMac/ZenithDockMac.entitlements;
				CODE_SIGN_STYLE = Automatic;
				CURRENT_PROJECT_VERSION = 58;
				DEVELOPMENT_TEAM = KRR35MWWHD;
				ENABLE_HARDENED_RUNTIME = YES;
				GENERATE_INFOPLIST_FILE = NO;
				INFOPLIST_FILE = Apps/ZenithDockMac/Info.plist;
				LD_RUNPATH_SEARCH_PATHS = (
					"$(inherited)",
					"@executable_path/../Frameworks",
				);
				MACOSX_DEPLOYMENT_TARGET = 14.0;
				MARKETING_VERSION = 0.1.1;
				PRODUCT_BUNDLE_IDENTIFIER = com.zhengyiluo.ZenithDock;
				PRODUCT_NAME = AgentsDock;
				SDKROOT = macosx;
				SUPPORTED_PLATFORMS = macosx;
				SWIFT_ACTIVE_COMPILATION_CONDITIONS = "$(inherited) AGENTSDOCK_APPKIT_TIMELINE";
				SWIFT_VERSION = 6.0;
				VALIDATE_PRODUCT = YES;
			};
			name = Release;
		};
/* End XCBuildConfiguration section */

/* Begin XCConfigurationList section */
		XC0000000000000000000001 /* Build configuration list for PBXProject "ZenithDock" */ = {
			isa = XCConfigurationList;
			buildConfigurations = (
				XC0000000000000000000011 /* Debug */,
				XC0000000000000000000012 /* Release */,
			);
			defaultConfigurationIsVisible = 0;
			defaultConfigurationName = Release;
		};
		XC0000000000000000000003 /* Build configuration list for PBXNativeTarget "ZenithDockIOS" */ = {
			isa = XCConfigurationList;
			buildConfigurations = (
				XC0000000000000000000021 /* Debug */,
				XC0000000000000000000022 /* Release */,
			);
			defaultConfigurationIsVisible = 0;
			defaultConfigurationName = Release;
		};
		XC0000000000000000000004 /* Build configuration list for PBXNativeTarget "ZenithCore" */ = {
			isa = XCConfigurationList;
			buildConfigurations = (
				XC0000000000000000000031 /* Debug */,
				XC0000000000000000000032 /* Release */,
			);
			defaultConfigurationIsVisible = 0;
			defaultConfigurationName = Release;
		};
		XC0000000000000000000005 /* Build configuration list for PBXNativeTarget "ZenithDockMac" */ = {
			isa = XCConfigurationList;
			buildConfigurations = (
				XC0000000000000000000041 /* Debug */,
				XC0000000000000000000042 /* Release */,
			);
			defaultConfigurationIsVisible = 0;
			defaultConfigurationName = Release;
		};
/* End XCConfigurationList section */
	};
	rootObject = A00000000000000000000001 /* Project object */;
}
